// !$*UTF8*$!
{
	archiveVersion = 1;
	classes = {
	};
	objectVersion = 51;
	objects = {

/* Begin PBXBuildFile section */
		D31C9FA3243189CE008E7DE0 /* UICommonDefines.swift in Sources */ = {isa = PBXBuildFile; fileRef = D31C9FA2243189CE008E7DE0 /* UICommonDefines.swift */; };
		D337E11D242B28B200CE5DE0 /* AppDelegate.swift in Sources */ = {isa = PBXBuildFile; fileRef = D337E11C242B28B200CE5DE0 /* AppDelegate.swift */; };
		D337E127242B28B200CE5DE0 /* iOS_Architecture.xcdatamodeld in Sources */ = {isa = PBXBuildFile; fileRef = D337E125242B28B200CE5DE0 /* iOS_Architecture.xcdatamodeld */; };
		D337E129242B28B300CE5DE0 /* Assets.xcassets in Resources */ = {isa = PBXBuildFile; fileRef = D337E128242B28B300CE5DE0 /* Assets.xcassets */; };
		D337E12C242B28B300CE5DE0 /* LaunchScreen.storyboard in Resources */ = {isa = PBXBuildFile; fileRef = D337E12A242B28B300CE5DE0 /* LaunchScreen.storyboard */; };
		D337E137242B28B400CE5DE0 /* iOS_ArchitectureTests.swift in Sources */ = {isa = PBXBuildFile; fileRef = D337E136242B28B400CE5DE0 /* iOS_ArchitectureTests.swift */; };
		D337E142242B28B400CE5DE0 /* iOS_ArchitectureUITests.swift in Sources */ = {isa = PBXBuildFile; fileRef = D337E141242B28B400CE5DE0 /* iOS_ArchitectureUITests.swift */; };
		D337E152242B30D400CE5DE0 /* Data.swift in Sources */ = {isa = PBXBuildFile; fileRef = D337E151242B30D400CE5DE0 /* Data.swift */; };
		D337E159242B334200CE5DE0 /* AppDIContainer.swift in Sources */ = {isa = PBXBuildFile; fileRef = D337E158242B334200CE5DE0 /* AppDIContainer.swift */; };
		D337E15B242B33DF00CE5DE0 /* HomeSceneDIContainer.swift in Sources */ = {isa = PBXBuildFile; fileRef = D337E15A242B33DF00CE5DE0 /* HomeSceneDIContainer.swift */; };
		D337E170242B400A00CE5DE0 /* UIHelper.swift in Sources */ = {isa = PBXBuildFile; fileRef = D337E16F242B400A00CE5DE0 /* UIHelper.swift */; };
		D337E17E242B458500CE5DE0 /* UIViewController+AddChild.swift in Sources */ = {isa = PBXBuildFile; fileRef = D337E17D242B458500CE5DE0 /* UIViewController+AddChild.swift */; };
		D337E180242B459100CE5DE0 /* Observable.swift in Sources */ = {isa = PBXBuildFile; fileRef = D337E17F242B459100CE5DE0 /* Observable.swift */; };
		D337E182242B466200CE5DE0 /* UseCase.swift in Sources */ = {isa = PBXBuildFile; fileRef = D337E181242B466200CE5DE0 /* UseCase.swift */; };
		D3CC05102432CF0C002026EC /* ThemeProtocol.swift in Sources */ = {isa = PBXBuildFile; fileRef = D3CC050F2432CF0C002026EC /* ThemeProtocol.swift */; };
		D3CC05122432D5A2002026EC /* QMUIConfigurationTemplateDark.swift in Sources */ = {isa = PBXBuildFile; fileRef = D3CC05112432D5A2002026EC /* QMUIConfigurationTemplateDark.swift */; };
		D3CC0514243318AF002026EC /* ThemeManager.swift in Sources */ = {isa = PBXBuildFile; fileRef = D3CC0513243318AF002026EC /* ThemeManager.swift */; };
		D3EABD5D242DD487003C569B /* UIConfiguration.swift in Sources */ = {isa = PBXBuildFile; fileRef = D3EABD53242DD487003C569B /* UIConfiguration.swift */; };
		D3EABD5E242DD487003C569B /* QMUIConfigurationTemplate.swift in Sources */ = {isa = PBXBuildFile; fileRef = D3EABD54242DD487003C569B /* QMUIConfigurationTemplate.swift */; };
		D3EABD5F242DD487003C569B /* CommonUI.swift in Sources */ = {isa = PBXBuildFile; fileRef = D3EABD56242DD487003C569B /* CommonUI.swift */; };
		D3EABD60242DD487003C569B /* ViewController.swift in Sources */ = {isa = PBXBuildFile; fileRef = D3EABD58242DD487003C569B /* ViewController.swift */; };
		D3EABD61242DD487003C569B /* BaseViewController.swift in Sources */ = {isa = PBXBuildFile; fileRef = D3EABD59242DD487003C569B /* BaseViewController.swift */; };
		D3EABD62242DD487003C569B /* TableViewController.swift in Sources */ = {isa = PBXBuildFile; fileRef = D3EABD5A242DD487003C569B /* TableViewController.swift */; };
		D3EABD63242DD487003C569B /* NavigationController.swift in Sources */ = {isa = PBXBuildFile; fileRef = D3EABD5B242DD487003C569B /* NavigationController.swift */; };
		D3EABD64242DD487003C569B /* TabBarController.swift in Sources */ = {isa = PBXBuildFile; fileRef = D3EABD5C242DD487003C569B /* TabBarController.swift */; };
		D3EABD81242DD664003C569B /* HomeViewModel.swift in Sources */ = {isa = PBXBuildFile; fileRef = D3EABD79242DD664003C569B /* HomeViewModel.swift */; };
		D3EABD82242DD664003C569B /* HomeViewController.swift in Sources */ = {isa = PBXBuildFile; fileRef = D3EABD7B242DD664003C569B /* HomeViewController.swift */; };
		D3EABD86242DD96F003C569B /* DiscoveryViewController.swift in Sources */ = {isa = PBXBuildFile; fileRef = D3EABD83242DD96F003C569B /* DiscoveryViewController.swift */; };
		D3EABD87242DD96F003C569B /* DiscoveryViewModel.swift in Sources */ = {isa = PBXBuildFile; fileRef = D3EABD84242DD96F003C569B /* DiscoveryViewModel.swift */; };
		D3EABD8C242DD9E4003C569B /* StudyViewController.swift in Sources */ = {isa = PBXBuildFile; fileRef = D3EABD89242DD9E4003C569B /* StudyViewController.swift */; };
		D3EABD8D242DD9E4003C569B /* StudyViewModel.swift in Sources */ = {isa = PBXBuildFile; fileRef = D3EABD8A242DD9E4003C569B /* StudyViewModel.swift */; };
		D3EABD92242DDA35003C569B /* MineViewController.swift in Sources */ = {isa = PBXBuildFile; fileRef = D3EABD8F242DDA35003C569B /* MineViewController.swift */; };
		D3EABD93242DDA35003C569B /* MineViewModel.swift in Sources */ = {isa = PBXBuildFile; fileRef = D3EABD90242DDA35003C569B /* MineViewModel.swift */; };
		D3EABD97242DDF78003C569B /* BaseFormViewController.swift in Sources */ = {isa = PBXBuildFile; fileRef = D3EABD96242DDF78003C569B /* BaseFormViewController.swift */; };
		D3EABD99242DE18D003C569B /* DiscoverySceneDIContainer.swift in Sources */ = {isa = PBXBuildFile; fileRef = D3EABD98242DE18D003C569B /* DiscoverySceneDIContainer.swift */; };
		D3EABD9D242DE3B2003C569B /* Localizable.strings in Resources */ = {isa = PBXBuildFile; fileRef = D3EABD9F242DE3B2003C569B /* Localizable.strings */; };
		D3EABDA2242DE638003C569B /* StringExtension.swift in Sources */ = {isa = PBXBuildFile; fileRef = D3EABDA1242DE638003C569B /* StringExtension.swift */; };
		D3EABDA4242DE820003C569B /* StudySceneDIContainer.swift in Sources */ = {isa = PBXBuildFile; fileRef = D3EABDA3242DE820003C569B /* StudySceneDIContainer.swift */; };
		D3EABDA6242DE867003C569B /* MineSceneDIContainer.swift in Sources */ = {isa = PBXBuildFile; fileRef = D3EABDA5242DE867003C569B /* MineSceneDIContainer.swift */; };
		D3EABDA8242DF537003C569B /* UserDefault.swift in Sources */ = {isa = PBXBuildFile; fileRef = D3EABDA7242DF537003C569B /* UserDefault.swift */; };
/* End PBXBuildFile section */

/* Begin PBXContainerItemProxy section */
		D337E133242B28B400CE5DE0 /* PBXContainerItemProxy */ = {
			isa = PBXContainerItemProxy;
			containerPortal = D337E111242B28B200CE5DE0 /* Project object */;
			proxyType = 1;
			remoteGlobalIDString = D337E118242B28B200CE5DE0;
			remoteInfo = "iOS-Architecture";
		};
		D337E13E242B28B400CE5DE0 /* PBXContainerItemProxy */ = {
			isa = PBXContainerItemProxy;
			containerPortal = D337E111242B28B200CE5DE0 /* Project object */;
			proxyType = 1;
			remoteGlobalIDString = D337E118242B28B200CE5DE0;
			remoteInfo = "iOS-Architecture";
		};
/* End PBXContainerItemProxy section */

/* Begin PBXFileReference section */
		D31C9FA2243189CE008E7DE0 /* UICommonDefines.swift */ = {isa = PBXFileReference; lastKnownFileType = sourcecode.swift; path = UICommonDefines.swift; sourceTree = "<group>"; };
		D337E119242B28B200CE5DE0 /* iOS-Architecture.app */ = {isa = PBXFileReference; explicitFileType = wrapper.application; includeInIndex = 0; path = "iOS-Architecture.app"; sourceTree = BUILT_PRODUCTS_DIR; };
		D337E11C242B28B200CE5DE0 /* AppDelegate.swift */ = {isa = PBXFileReference; lastKnownFileType = sourcecode.swift; path = AppDelegate.swift; sourceTree = "<group>"; };
		D337E126242B28B200CE5DE0 /* iOS_Architecture.xcdatamodel */ = {isa = PBXFileReference; lastKnownFileType = wrapper.xcdatamodel; path = iOS_Architecture.xcdatamodel; sourceTree = "<group>"; };
		D337E128242B28B300CE5DE0 /* Assets.xcassets */ = {isa = PBXFileReference; lastKnownFileType = folder.assetcatalog; path = Assets.xcassets; sourceTree = "<group>"; };
		D337E12B242B28B300CE5DE0 /* Base */ = {isa = PBXFileReference; lastKnownFileType = file.storyboard; name = Base; path = Base.lproj/LaunchScreen.storyboard; sourceTree = "<group>"; };
		D337E12D242B28B300CE5DE0 /* Info.plist */ = {isa = PBXFileReference; lastKnownFileType = text.plist.xml; path = Info.plist; sourceTree = "<group>"; };
		D337E132242B28B400CE5DE0 /* iOS-ArchitectureTests.xctest */ = {isa = PBXFileReference; explicitFileType = wrapper.cfbundle; includeInIndex = 0; path = "iOS-ArchitectureTests.xctest"; sourceTree = BUILT_PRODUCTS_DIR; };
		D337E136242B28B400CE5DE0 /* iOS_ArchitectureTests.swift */ = {isa = PBXFileReference; lastKnownFileType = sourcecode.swift; path = iOS_ArchitectureTests.swift; sourceTree = "<group>"; };
		D337E138242B28B400CE5DE0 /* Info.plist */ = {isa = PBXFileReference; lastKnownFileType = text.plist.xml; path = Info.plist; sourceTree = "<group>"; };
		D337E13D242B28B400CE5DE0 /* iOS-ArchitectureUITests.xctest */ = {isa = PBXFileReference; explicitFileType = wrapper.cfbundle; includeInIndex = 0; path = "iOS-ArchitectureUITests.xctest"; sourceTree = BUILT_PRODUCTS_DIR; };
		D337E141242B28B400CE5DE0 /* iOS_ArchitectureUITests.swift */ = {isa = PBXFileReference; lastKnownFileType = sourcecode.swift; path = iOS_ArchitectureUITests.swift; sourceTree = "<group>"; };
		D337E143242B28B400CE5DE0 /* Info.plist */ = {isa = PBXFileReference; lastKnownFileType = text.plist.xml; path = Info.plist; sourceTree = "<group>"; };
		D337E151242B30D400CE5DE0 /* Data.swift */ = {isa = PBXFileReference; lastKnownFileType = sourcecode.swift; path = Data.swift; sourceTree = "<group>"; };
		D337E158242B334200CE5DE0 /* AppDIContainer.swift */ = {isa = PBXFileReference; lastKnownFileType = sourcecode.swift; path = AppDIContainer.swift; sourceTree = "<group>"; };
		D337E15A242B33DF00CE5DE0 /* HomeSceneDIContainer.swift */ = {isa = PBXFileReference; lastKnownFileType = sourcecode.swift; path = HomeSceneDIContainer.swift; sourceTree = "<group>"; };
		D337E16F242B400A00CE5DE0 /* UIHelper.swift */ = {isa = PBXFileReference; lastKnownFileType = sourcecode.swift; path = UIHelper.swift; sourceTree = "<group>"; };
		D337E17D242B458500CE5DE0 /* UIViewController+AddChild.swift */ = {isa = PBXFileReference; fileEncoding = 4; lastKnownFileType = sourcecode.swift; path = "UIViewController+AddChild.swift"; sourceTree = "<group>"; };
		D337E17F242B459100CE5DE0 /* Observable.swift */ = {isa = PBXFileReference; fileEncoding = 4; lastKnownFileType = sourcecode.swift; path = Observable.swift; sourceTree = "<group>"; };
		D337E181242B466200CE5DE0 /* UseCase.swift */ = {isa = PBXFileReference; lastKnownFileType = sourcecode.swift; path = UseCase.swift; sourceTree = "<group>"; };
		D3CC050F2432CF0C002026EC /* ThemeProtocol.swift */ = {isa = PBXFileReference; lastKnownFileType = sourcecode.swift; path = ThemeProtocol.swift; sourceTree = "<group>"; };
		D3CC05112432D5A2002026EC /* QMUIConfigurationTemplateDark.swift */ = {isa = PBXFileReference; lastKnownFileType = sourcecode.swift; path = QMUIConfigurationTemplateDark.swift; sourceTree = "<group>"; };
		D3CC0513243318AF002026EC /* ThemeManager.swift */ = {isa = PBXFileReference; lastKnownFileType = sourcecode.swift; path = ThemeManager.swift; sourceTree = "<group>"; };
		D3EABD53242DD487003C569B /* UIConfiguration.swift */ = {isa = PBXFileReference; fileEncoding = 4; lastKnownFileType = sourcecode.swift; path = UIConfiguration.swift; sourceTree = "<group>"; };
		D3EABD54242DD487003C569B /* QMUIConfigurationTemplate.swift */ = {isa = PBXFileReference; fileEncoding = 4; lastKnownFileType = sourcecode.swift; path = QMUIConfigurationTemplate.swift; sourceTree = "<group>"; };
		D3EABD56242DD487003C569B /* CommonUI.swift */ = {isa = PBXFileReference; fileEncoding = 4; lastKnownFileType = sourcecode.swift; path = CommonUI.swift; sourceTree = "<group>"; };
		D3EABD58242DD487003C569B /* ViewController.swift */ = {isa = PBXFileReference; fileEncoding = 4; lastKnownFileType = sourcecode.swift; path = ViewController.swift; sourceTree = "<group>"; };
		D3EABD59242DD487003C569B /* BaseViewController.swift */ = {isa = PBXFileReference; fileEncoding = 4; lastKnownFileType = sourcecode.swift; path = BaseViewController.swift; sourceTree = "<group>"; };
		D3EABD5A242DD487003C569B /* TableViewController.swift */ = {isa = PBXFileReference; fileEncoding = 4; lastKnownFileType = sourcecode.swift; path = TableViewController.swift; sourceTree = "<group>"; };
		D3EABD5B242DD487003C569B /* NavigationController.swift */ = {isa = PBXFileReference; fileEncoding = 4; lastKnownFileType = sourcecode.swift; path = NavigationController.swift; sourceTree = "<group>"; };
		D3EABD5C242DD487003C569B /* TabBarController.swift */ = {isa = PBXFileReference; fileEncoding = 4; lastKnownFileType = sourcecode.swift; path = TabBarController.swift; sourceTree = "<group>"; };
		D3EABD79242DD664003C569B /* HomeViewModel.swift */ = {isa = PBXFileReference; fileEncoding = 4; lastKnownFileType = sourcecode.swift; path = HomeViewModel.swift; sourceTree = "<group>"; };
		D3EABD7B242DD664003C569B /* HomeViewController.swift */ = {isa = PBXFileReference; fileEncoding = 4; lastKnownFileType = sourcecode.swift; path = HomeViewController.swift; sourceTree = "<group>"; };
		D3EABD83242DD96F003C569B /* DiscoveryViewController.swift */ = {isa = PBXFileReference; lastKnownFileType = sourcecode.swift; path = DiscoveryViewController.swift; sourceTree = "<group>"; };
		D3EABD84242DD96F003C569B /* DiscoveryViewModel.swift */ = {isa = PBXFileReference; lastKnownFileType = sourcecode.swift; path = DiscoveryViewModel.swift; sourceTree = "<group>"; };
		D3EABD89242DD9E4003C569B /* StudyViewController.swift */ = {isa = PBXFileReference; lastKnownFileType = sourcecode.swift; path = StudyViewController.swift; sourceTree = "<group>"; };
		D3EABD8A242DD9E4003C569B /* StudyViewModel.swift */ = {isa = PBXFileReference; lastKnownFileType = sourcecode.swift; path = StudyViewModel.swift; sourceTree = "<group>"; };
		D3EABD8F242DDA35003C569B /* MineViewController.swift */ = {isa = PBXFileReference; lastKnownFileType = sourcecode.swift; path = MineViewController.swift; sourceTree = "<group>"; };
		D3EABD90242DDA35003C569B /* MineViewModel.swift */ = {isa = PBXFileReference; lastKnownFileType = sourcecode.swift; path = MineViewModel.swift; sourceTree = "<group>"; };
		D3EABD96242DDF78003C569B /* BaseFormViewController.swift */ = {isa = PBXFileReference; lastKnownFileType = sourcecode.swift; path = BaseFormViewController.swift; sourceTree = "<group>"; };
		D3EABD98242DE18D003C569B /* DiscoverySceneDIContainer.swift */ = {isa = PBXFileReference; lastKnownFileType = sourcecode.swift; path = DiscoverySceneDIContainer.swift; sourceTree = "<group>"; };
		D3EABDA0242DE3BB003C569B /* en */ = {isa = PBXFileReference; lastKnownFileType = text.plist.strings; name = en; path = en.lproj/Localizable.strings; sourceTree = "<group>"; };
		D3EABDA1242DE638003C569B /* StringExtension.swift */ = {isa = PBXFileReference; lastKnownFileType = sourcecode.swift; path = StringExtension.swift; sourceTree = "<group>"; };
		D3EABDA3242DE820003C569B /* StudySceneDIContainer.swift */ = {isa = PBXFileReference; lastKnownFileType = sourcecode.swift; path = StudySceneDIContainer.swift; sourceTree = "<group>"; };
		D3EABDA5242DE867003C569B /* MineSceneDIContainer.swift */ = {isa = PBXFileReference; lastKnownFileType = sourcecode.swift; path = MineSceneDIContainer.swift; sourceTree = "<group>"; };
		D3EABDA7242DF537003C569B /* UserDefault.swift */ = {isa = PBXFileReference; lastKnownFileType = sourcecode.swift; path = UserDefault.swift; sourceTree = "<group>"; };
/* End PBXFileReference section */

/* Begin PBXFrameworksBuildPhase section */
		D337E116242B28B200CE5DE0 /* Frameworks */ = {
			isa = PBXFrameworksBuildPhase;
			buildActionMask = 2147483647;
			files = (
			);
			runOnlyForDeploymentPostprocessing = 0;
		};
		D337E12F242B28B400CE5DE0 /* Frameworks */ = {
			isa = PBXFrameworksBuildPhase;
			buildActionMask = 2147483647;
			files = (
			);
			runOnlyForDeploymentPostprocessing = 0;
		};
		D337E13A242B28B400CE5DE0 /* Frameworks */ = {
			isa = PBXFrameworksBuildPhase;
			buildActionMask = 2147483647;
			files = (
			);
			runOnlyForDeploymentPostprocessing = 0;
		};
/* End PBXFrameworksBuildPhase section */

/* Begin PBXGroup section */
		D337E110242B28B200CE5DE0 = {
			isa = PBXGroup;
			children = (
				D337E11B242B28B200CE5DE0 /* iOS-Architecture */,
				D337E135242B28B400CE5DE0 /* iOS-ArchitectureTests */,
				D337E140242B28B400CE5DE0 /* iOS-ArchitectureUITests */,
				D337E11A242B28B200CE5DE0 /* Products */,
			);
			sourceTree = "<group>";
		};
		D337E11A242B28B200CE5DE0 /* Products */ = {
			isa = PBXGroup;
			children = (
				D337E119242B28B200CE5DE0 /* iOS-Architecture.app */,
				D337E132242B28B400CE5DE0 /* iOS-ArchitectureTests.xctest */,
				D337E13D242B28B400CE5DE0 /* iOS-ArchitectureUITests.xctest */,
			);
			name = Products;
			sourceTree = "<group>";
		};
		D337E11B242B28B200CE5DE0 /* iOS-Architecture */ = {
			isa = PBXGroup;
			children = (
				D337E150242B301C00CE5DE0 /* Application */,
				D337E156242B313100CE5DE0 /* Data */,
				D337E183242B466E00CE5DE0 /* Domain */,
				D337E155242B312100CE5DE0 /* Presentation */,
				D337E14F242B2F3100CE5DE0 /* Resources */,
			);
			path = "iOS-Architecture";
			sourceTree = "<group>";
		};
		D337E135242B28B400CE5DE0 /* iOS-ArchitectureTests */ = {
			isa = PBXGroup;
			children = (
				D337E136242B28B400CE5DE0 /* iOS_ArchitectureTests.swift */,
				D337E138242B28B400CE5DE0 /* Info.plist */,
			);
			path = "iOS-ArchitectureTests";
			sourceTree = "<group>";
		};
		D337E140242B28B400CE5DE0 /* iOS-ArchitectureUITests */ = {
			isa = PBXGroup;
			children = (
				D337E141242B28B400CE5DE0 /* iOS_ArchitectureUITests.swift */,
				D337E143242B28B400CE5DE0 /* Info.plist */,
			);
			path = "iOS-ArchitectureUITests";
			sourceTree = "<group>";
		};
		D337E14F242B2F3100CE5DE0 /* Resources */ = {
			isa = PBXGroup;
			children = (
				D337E128242B28B300CE5DE0 /* Assets.xcassets */,
				D337E12A242B28B300CE5DE0 /* LaunchScreen.storyboard */,
				D337E12D242B28B300CE5DE0 /* Info.plist */,
				D337E125242B28B200CE5DE0 /* iOS_Architecture.xcdatamodeld */,
				D3EABD9F242DE3B2003C569B /* Localizable.strings */,
			);
			path = Resources;
			sourceTree = "<group>";
		};
		D337E150242B301C00CE5DE0 /* Application */ = {
			isa = PBXGroup;
			children = (
				D337E11C242B28B200CE5DE0 /* AppDelegate.swift */,
				D337E15C242B34F200CE5DE0 /* DIContainer */,
			);
			path = Application;
			sourceTree = "<group>";
		};
		D337E155242B312100CE5DE0 /* Presentation */ = {
			isa = PBXGroup;
			children = (
				D3EABD51242DD487003C569B /* Common */,
				D3EABD65242DD664003C569B /* Scenes */,
				D337E171242B402600CE5DE0 /* Utils */,
			);
			path = Presentation;
			sourceTree = "<group>";
		};
		D337E156242B313100CE5DE0 /* Data */ = {
			isa = PBXGroup;
			children = (
				D337E151242B30D400CE5DE0 /* Data.swift */,
				D3EABDA7242DF537003C569B /* UserDefault.swift */,
			);
			path = Data;
			sourceTree = "<group>";
		};
		D337E15C242B34F200CE5DE0 /* DIContainer */ = {
			isa = PBXGroup;
			children = (
				D337E158242B334200CE5DE0 /* AppDIContainer.swift */,
				D337E15A242B33DF00CE5DE0 /* HomeSceneDIContainer.swift */,
				D3EABD98242DE18D003C569B /* DiscoverySceneDIContainer.swift */,
				D3EABDA3242DE820003C569B /* StudySceneDIContainer.swift */,
				D3EABDA5242DE867003C569B /* MineSceneDIContainer.swift */,
			);
			path = DIContainer;
			sourceTree = "<group>";
		};
		D337E171242B402600CE5DE0 /* Utils */ = {
			isa = PBXGroup;
			children = (
				D337E16F242B400A00CE5DE0 /* UIHelper.swift */,
				D337E17D242B458500CE5DE0 /* UIViewController+AddChild.swift */,
				D3EABDA1242DE638003C569B /* StringExtension.swift */,
				D337E17F242B459100CE5DE0 /* Observable.swift */,
			);
			path = Utils;
			sourceTree = "<group>";
		};
		D337E183242B466E00CE5DE0 /* Domain */ = {
			isa = PBXGroup;
			children = (
				D337E184242B469200CE5DE0 /* UseCase */,
			);
			path = Domain;
			sourceTree = "<group>";
		};
		D337E184242B469200CE5DE0 /* UseCase */ = {
			isa = PBXGroup;
			children = (
				D337E181242B466200CE5DE0 /* UseCase.swift */,
			);
			path = UseCase;
			sourceTree = "<group>";
		};
		D3EABD51242DD487003C569B /* Common */ = {
			isa = PBXGroup;
			children = (
				D3EABD52242DD487003C569B /* Configuration */,
				D3EABD57242DD487003C569B /* Controllers */,
				D3EABD55242DD487003C569B /* Utils */,
			);
			path = Common;
			sourceTree = "<group>";
		};
		D3EABD52242DD487003C569B /* Configuration */ = {
			isa = PBXGroup;
			children = (
				D3EABD54242DD487003C569B /* QMUIConfigurationTemplate.swift */,
				D3CC05112432D5A2002026EC /* QMUIConfigurationTemplateDark.swift */,
				D3CC0513243318AF002026EC /* ThemeManager.swift */,
				D3CC050F2432CF0C002026EC /* ThemeProtocol.swift */,
				D31C9FA2243189CE008E7DE0 /* UICommonDefines.swift */,
				D3EABD53242DD487003C569B /* UIConfiguration.swift */,
			);
			path = Configuration;
			sourceTree = "<group>";
		};
		D3EABD55242DD487003C569B /* Utils */ = {
			isa = PBXGroup;
			children = (
				D3EABD56242DD487003C569B /* CommonUI.swift */,
			);
			path = Utils;
			sourceTree = "<group>";
		};
		D3EABD57242DD487003C569B /* Controllers */ = {
			isa = PBXGroup;
			children = (
				D3EABD58242DD487003C569B /* ViewController.swift */,
				D3EABD59242DD487003C569B /* BaseViewController.swift */,
				D3EABD5A242DD487003C569B /* TableViewController.swift */,
				D3EABD5B242DD487003C569B /* NavigationController.swift */,
				D3EABD5C242DD487003C569B /* TabBarController.swift */,
				D3EABD96242DDF78003C569B /* BaseFormViewController.swift */,
			);
			path = Controllers;
			sourceTree = "<group>";
		};
		D3EABD65242DD664003C569B /* Scenes */ = {
			isa = PBXGroup;
			children = (
				D3EABD76242DD664003C569B /* HomeScene */,
				D3EABD70242DD664003C569B /* DiscoveryScene */,
				D3EABD6A242DD664003C569B /* StudyScene */,
				D3EABD66242DD664003C569B /* MineScene */,
			);
			path = Scenes;
			sourceTree = "<group>";
		};
		D3EABD66242DD664003C569B /* MineScene */ = {
			isa = PBXGroup;
			children = (
				D3EABD67242DD664003C569B /* Mine */,
			);
			path = MineScene;
			sourceTree = "<group>";
		};
		D3EABD67242DD664003C569B /* Mine */ = {
			isa = PBXGroup;
			children = (
				D3EABD68242DD664003C569B /* View */,
				D3EABD95242DDA4D003C569B /* ViewModel */,
			);
			path = Mine;
			sourceTree = "<group>";
		};
		D3EABD68242DD664003C569B /* View */ = {
			isa = PBXGroup;
			children = (
				D3EABD8F242DDA35003C569B /* MineViewController.swift */,
			);
			path = View;
			sourceTree = "<group>";
		};
		D3EABD6A242DD664003C569B /* StudyScene */ = {
			isa = PBXGroup;
			children = (
				D3EABD6B242DD664003C569B /* Study */,
			);
			path = StudyScene;
			sourceTree = "<group>";
		};
		D3EABD6B242DD664003C569B /* Study */ = {
			isa = PBXGroup;
			children = (
				D3EABD6C242DD664003C569B /* ViewModel */,
				D3EABD6E242DD664003C569B /* View */,
			);
			path = Study;
			sourceTree = "<group>";
		};
		D3EABD6C242DD664003C569B /* ViewModel */ = {
			isa = PBXGroup;
			children = (
				D3EABD8A242DD9E4003C569B /* StudyViewModel.swift */,
			);
			path = ViewModel;
			sourceTree = "<group>";
		};
		D3EABD6E242DD664003C569B /* View */ = {
			isa = PBXGroup;
			children = (
				D3EABD89242DD9E4003C569B /* StudyViewController.swift */,
			);
			path = View;
			sourceTree = "<group>";
		};
		D3EABD70242DD664003C569B /* DiscoveryScene */ = {
			isa = PBXGroup;
			children = (
				D3EABD71242DD664003C569B /* Discovery */,
			);
			path = DiscoveryScene;
			sourceTree = "<group>";
		};
		D3EABD71242DD664003C569B /* Discovery */ = {
			isa = PBXGroup;
			children = (
				D3EABD72242DD664003C569B /* ViewModel */,
				D3EABD74242DD664003C569B /* View */,
			);
			path = Discovery;
			sourceTree = "<group>";
		};
		D3EABD72242DD664003C569B /* ViewModel */ = {
			isa = PBXGroup;
			children = (
				D3EABD84242DD96F003C569B /* DiscoveryViewModel.swift */,
			);
			path = ViewModel;
			sourceTree = "<group>";
		};
		D3EABD74242DD664003C569B /* View */ = {
			isa = PBXGroup;
			children = (
				D3EABD83242DD96F003C569B /* DiscoveryViewController.swift */,
			);
			path = View;
			sourceTree = "<group>";
		};
		D3EABD76242DD664003C569B /* HomeScene */ = {
			isa = PBXGroup;
			children = (
				D3EABD77242DD664003C569B /* Home */,
			);
			path = HomeScene;
			sourceTree = "<group>";
		};
		D3EABD77242DD664003C569B /* Home */ = {
			isa = PBXGroup;
			children = (
				D3EABD78242DD664003C569B /* ViewModel */,
				D3EABD7A242DD664003C569B /* View */,
			);
			path = Home;
			sourceTree = "<group>";
		};
		D3EABD78242DD664003C569B /* ViewModel */ = {
			isa = PBXGroup;
			children = (
				D3EABD79242DD664003C569B /* HomeViewModel.swift */,
			);
			path = ViewModel;
			sourceTree = "<group>";
		};
		D3EABD7A242DD664003C569B /* View */ = {
			isa = PBXGroup;
			children = (
				D3EABD7B242DD664003C569B /* HomeViewController.swift */,
			);
			path = View;
			sourceTree = "<group>";
		};
		D3EABD95242DDA4D003C569B /* ViewModel */ = {
			isa = PBXGroup;
			children = (
				D3EABD90242DDA35003C569B /* MineViewModel.swift */,
			);
			path = ViewModel;
			sourceTree = "<group>";
		};
/* End PBXGroup section */

/* Begin PBXNativeTarget section */
		D337E118242B28B200CE5DE0 /* iOS-Architecture */ = {
			isa = PBXNativeTarget;
			buildConfigurationList = D337E146242B28B400CE5DE0 /* Build configuration list for PBXNativeTarget "iOS-Architecture" */;
			buildPhases = (
				D337E115242B28B200CE5DE0 /* Sources */,
				D337E116242B28B200CE5DE0 /* Frameworks */,
				D337E117242B28B200CE5DE0 /* Resources */,
				D337E161242B3E6E00CE5DE0 /* Copy Carthage Frameworks */,
			);
			buildRules = (
			);
			dependencies = (
			);
			name = "iOS-Architecture";
			productName = "iOS-Architecture";
			productReference = D337E119242B28B200CE5DE0 /* iOS-Architecture.app */;
			productType = "com.apple.product-type.application";
		};
		D337E131242B28B400CE5DE0 /* iOS-ArchitectureTests */ = {
			isa = PBXNativeTarget;
			buildConfigurationList = D337E149242B28B400CE5DE0 /* Build configuration list for PBXNativeTarget "iOS-ArchitectureTests" */;
			buildPhases = (
				D337E12E242B28B400CE5DE0 /* Sources */,
				D337E12F242B28B400CE5DE0 /* Frameworks */,
				D337E130242B28B400CE5DE0 /* Resources */,
			);
			buildRules = (
			);
			dependencies = (
				D337E134242B28B400CE5DE0 /* PBXTargetDependency */,
			);
			name = "iOS-ArchitectureTests";
			productName = "iOS-ArchitectureTests";
			productReference = D337E132242B28B400CE5DE0 /* iOS-ArchitectureTests.xctest */;
			productType = "com.apple.product-type.bundle.unit-test";
		};
		D337E13C242B28B400CE5DE0 /* iOS-ArchitectureUITests */ = {
			isa = PBXNativeTarget;
			buildConfigurationList = D337E14C242B28B400CE5DE0 /* Build configuration list for PBXNativeTarget "iOS-ArchitectureUITests" */;
			buildPhases = (
				D337E139242B28B400CE5DE0 /* Sources */,
				D337E13A242B28B400CE5DE0 /* Frameworks */,
				D337E13B242B28B400CE5DE0 /* Resources */,
			);
			buildRules = (
			);
			dependencies = (
				D337E13F242B28B400CE5DE0 /* PBXTargetDependency */,
			);
			name = "iOS-ArchitectureUITests";
			productName = "iOS-ArchitectureUITests";
			productReference = D337E13D242B28B400CE5DE0 /* iOS-ArchitectureUITests.xctest */;
			productType = "com.apple.product-type.bundle.ui-testing";
		};
/* End PBXNativeTarget section */

/* Begin PBXProject section */
		D337E111242B28B200CE5DE0 /* Project object */ = {
			isa = PBXProject;
			attributes = {
				LastSwiftUpdateCheck = 1140;
				LastUpgradeCheck = 1140;
				ORGANIZATIONNAME = fleetlabs.com;
				TargetAttributes = {
					D337E118242B28B200CE5DE0 = {
						CreatedOnToolsVersion = 11.4;
					};
					D337E131242B28B400CE5DE0 = {
						CreatedOnToolsVersion = 11.4;
						TestTargetID = D337E118242B28B200CE5DE0;
					};
					D337E13C242B28B400CE5DE0 = {
						CreatedOnToolsVersion = 11.4;
						TestTargetID = D337E118242B28B200CE5DE0;
					};
				};
			};
			buildConfigurationList = D337E114242B28B200CE5DE0 /* Build configuration list for PBXProject "iOS-Architecture" */;
			compatibilityVersion = "Xcode 9.3";
			developmentRegion = en;
			hasScannedForEncodings = 0;
			knownRegions = (
				en,
				Base,
			);
			mainGroup = D337E110242B28B200CE5DE0;
			productRefGroup = D337E11A242B28B200CE5DE0 /* Products */;
			projectDirPath = "";
			projectRoot = "";
			targets = (
				D337E118242B28B200CE5DE0 /* iOS-Architecture */,
				D337E131242B28B400CE5DE0 /* iOS-ArchitectureTests */,
				D337E13C242B28B400CE5DE0 /* iOS-ArchitectureUITests */,
			);
		};
/* End PBXProject section */

/* Begin PBXResourcesBuildPhase section */
		D337E117242B28B200CE5DE0 /* Resources */ = {
			isa = PBXResourcesBuildPhase;
			buildActionMask = 2147483647;
			files = (
				D337E12C242B28B300CE5DE0 /* LaunchScreen.storyboard in Resources */,
				D3EABD9D242DE3B2003C569B /* Localizable.strings in Resources */,
				D337E129242B28B300CE5DE0 /* Assets.xcassets in Resources */,
			);
			runOnlyForDeploymentPostprocessing = 0;
		};
		D337E130242B28B400CE5DE0 /* Resources */ = {
			isa = PBXResourcesBuildPhase;
			buildActionMask = 2147483647;
			files = (
			);
			runOnlyForDeploymentPostprocessing = 0;
		};
		D337E13B242B28B400CE5DE0 /* Resources */ = {
			isa = PBXResourcesBuildPhase;
			buildActionMask = 2147483647;
			files = (
			);
			runOnlyForDeploymentPostprocessing = 0;
		};
/* End PBXResourcesBuildPhase section */

/* Begin PBXShellScriptBuildPhase section */
		D337E161242B3E6E00CE5DE0 /* Copy Carthage Frameworks */ = {
			isa = PBXShellScriptBuildPhase;
			buildActionMask = 2147483647;
			files = (
			);
			inputFileListPaths = (
				"$(SRCROOT)/InputFile.xcfilelist",
			);
			inputPaths = (
			);
			name = "Copy Carthage Frameworks";
			outputFileListPaths = (
				"$(SRCROOT)/OutputFile.xcfilelist",
			);
			outputPaths = (
			);
			runOnlyForDeploymentPostprocessing = 0;
			shellPath = /bin/sh;
			shellScript = "# Type a script or drag a script file from your workspace to insert its path.\n/usr/local/bin/carthage copy-frameworks\n";
		};
/* End PBXShellScriptBuildPhase section */

/* Begin PBXSourcesBuildPhase section */
		D337E115242B28B200CE5DE0 /* Sources */ = {
			isa = PBXSourcesBuildPhase;
			buildActionMask = 2147483647;
			files = (
				D3EABD5F242DD487003C569B /* CommonUI.swift in Sources */,
				D337E170242B400A00CE5DE0 /* UIHelper.swift in Sources */,
				D3EABD87242DD96F003C569B /* DiscoveryViewModel.swift in Sources */,
				D3CC05122432D5A2002026EC /* QMUIConfigurationTemplateDark.swift in Sources */,
				D337E11D242B28B200CE5DE0 /* AppDelegate.swift in Sources */,
				D3EABDA4242DE820003C569B /* StudySceneDIContainer.swift in Sources */,
				D3EABDA2242DE638003C569B /* StringExtension.swift in Sources */,
				D337E180242B459100CE5DE0 /* Observable.swift in Sources */,
				D3EABD81242DD664003C569B /* HomeViewModel.swift in Sources */,
				D3EABD61242DD487003C569B /* BaseViewController.swift in Sources */,
				D3EABD8D242DD9E4003C569B /* StudyViewModel.swift in Sources */,
				D3EABDA6242DE867003C569B /* MineSceneDIContainer.swift in Sources */,
				D3EABDA8242DF537003C569B /* UserDefault.swift in Sources */,
				D337E182242B466200CE5DE0 /* UseCase.swift in Sources */,
				D3EABD93242DDA35003C569B /* MineViewModel.swift in Sources */,
				D3EABD92242DDA35003C569B /* MineViewController.swift in Sources */,
				D3CC05102432CF0C002026EC /* ThemeProtocol.swift in Sources */,
				D3EABD86242DD96F003C569B /* DiscoveryViewController.swift in Sources */,
				D3EABD97242DDF78003C569B /* BaseFormViewController.swift in Sources */,
				D337E159242B334200CE5DE0 /* AppDIContainer.swift in Sources */,
				D3EABD99242DE18D003C569B /* DiscoverySceneDIContainer.swift in Sources */,
				D337E152242B30D400CE5DE0 /* Data.swift in Sources */,
				D3EABD82242DD664003C569B /* HomeViewController.swift in Sources */,
				D31C9FA3243189CE008E7DE0 /* UICommonDefines.swift in Sources */,
				D3EABD60242DD487003C569B /* ViewController.swift in Sources */,
				D3EABD5D242DD487003C569B /* UIConfiguration.swift in Sources */,
				D337E17E242B458500CE5DE0 /* UIViewController+AddChild.swift in Sources */,
				D3CC0514243318AF002026EC /* ThemeManager.swift in Sources */,
				D3EABD62242DD487003C569B /* TableViewController.swift in Sources */,
				D337E15B242B33DF00CE5DE0 /* HomeSceneDIContainer.swift in Sources */,
				D3EABD8C242DD9E4003C569B /* StudyViewController.swift in Sources */,
				D3EABD5E242DD487003C569B /* QMUIConfigurationTemplate.swift in Sources */,
				D3EABD63242DD487003C569B /* NavigationController.swift in Sources */,
				D3EABD64242DD487003C569B /* TabBarController.swift in Sources */,
				D337E127242B28B200CE5DE0 /* iOS_Architecture.xcdatamodeld in Sources */,
			);
			runOnlyForDeploymentPostprocessing = 0;
		};
		D337E12E242B28B400CE5DE0 /* Sources */ = {
			isa = PBXSourcesBuildPhase;
			buildActionMask = 2147483647;
			files = (
				D337E137242B28B400CE5DE0 /* iOS_ArchitectureTests.swift in Sources */,
			);
			runOnlyForDeploymentPostprocessing = 0;
		};
		D337E139242B28B400CE5DE0 /* Sources */ = {
			isa = PBXSourcesBuildPhase;
			buildActionMask = 2147483647;
			files = (
				D337E142242B28B400CE5DE0 /* iOS_ArchitectureUITests.swift in Sources */,
			);
			runOnlyForDeploymentPostprocessing = 0;
		};
/* End PBXSourcesBuildPhase section */

/* Begin PBXTargetDependency section */
		D337E134242B28B400CE5DE0 /* PBXTargetDependency */ = {
			isa = PBXTargetDependency;
			target = D337E118242B28B200CE5DE0 /* iOS-Architecture */;
			targetProxy = D337E133242B28B400CE5DE0 /* PBXContainerItemProxy */;
		};
		D337E13F242B28B400CE5DE0 /* PBXTargetDependency */ = {
			isa = PBXTargetDependency;
			target = D337E118242B28B200CE5DE0 /* iOS-Architecture */;
			targetProxy = D337E13E242B28B400CE5DE0 /* PBXContainerItemProxy */;
		};
/* End PBXTargetDependency section */

/* Begin PBXVariantGroup section */
		D337E12A242B28B300CE5DE0 /* LaunchScreen.storyboard */ = {
			isa = PBXVariantGroup;
			children = (
				D337E12B242B28B300CE5DE0 /* Base */,
			);
			name = LaunchScreen.storyboard;
			sourceTree = "<group>";
		};
		D3EABD9F242DE3B2003C569B /* Localizable.strings */ = {
			isa = PBXVariantGroup;
			children = (
				D3EABDA0242DE3BB003C569B /* en */,
			);
			name = Localizable.strings;
			sourceTree = "<group>";
		};
/* End PBXVariantGroup section */

/* Begin XCBuildConfiguration section */
		D337E144242B28B400CE5DE0 /* Debug */ = {
			isa = XCBuildConfiguration;
			buildSettings = {
				ALWAYS_SEARCH_USER_PATHS = NO;
				CLANG_ANALYZER_LOCALIZABILITY_NONLOCALIZED = YES;
				CLANG_ANALYZER_NONNULL = YES;
				CLANG_ANALYZER_NUMBER_OBJECT_CONVERSION = YES_AGGRESSIVE;
				CLANG_CXX_LANGUAGE_STANDARD = "gnu++14";
				CLANG_CXX_LIBRARY = "libc++";
				CLANG_ENABLE_MODULES = YES;
				CLANG_ENABLE_OBJC_ARC = YES;
				CLANG_ENABLE_OBJC_WEAK = YES;
				CLANG_WARN_BLOCK_CAPTURE_AUTORELEASING = YES;
				CLANG_WARN_BOOL_CONVERSION = YES;
				CLANG_WARN_COMMA = YES;
				CLANG_WARN_CONSTANT_CONVERSION = YES;
				CLANG_WARN_DEPRECATED_OBJC_IMPLEMENTATIONS = YES;
				CLANG_WARN_DIRECT_OBJC_ISA_USAGE = YES_ERROR;
				CLANG_WARN_DOCUMENTATION_COMMENTS = YES;
				CLANG_WARN_EMPTY_BODY = YES;
				CLANG_WARN_ENUM_CONVERSION = YES;
				CLANG_WARN_INFINITE_RECURSION = YES;
				CLANG_WARN_INT_CONVERSION = YES;
				CLANG_WARN_NON_LITERAL_NULL_CONVERSION = YES;
				CLANG_WARN_OBJC_IMPLICIT_RETAIN_SELF = YES;
				CLANG_WARN_OBJC_LITERAL_CONVERSION = YES;
				CLANG_WARN_OBJC_ROOT_CLASS = YES_ERROR;
				CLANG_WARN_RANGE_LOOP_ANALYSIS = YES;
				CLANG_WARN_STRICT_PROTOTYPES = YES;
				CLANG_WARN_SUSPICIOUS_MOVE = YES;
				CLANG_WARN_UNGUARDED_AVAILABILITY = YES_AGGRESSIVE;
				CLANG_WARN_UNREACHABLE_CODE = YES;
				CLANG_WARN__DUPLICATE_METHOD_MATCH = YES;
				COPY_PHASE_STRIP = NO;
				DEBUG_INFORMATION_FORMAT = dwarf;
				ENABLE_STRICT_OBJC_MSGSEND = YES;
				ENABLE_TESTABILITY = YES;
				GCC_C_LANGUAGE_STANDARD = gnu11;
				GCC_DYNAMIC_NO_PIC = NO;
				GCC_NO_COMMON_BLOCKS = YES;
				GCC_OPTIMIZATION_LEVEL = 0;
				GCC_PREPROCESSOR_DEFINITIONS = (
					"DEBUG=1",
					"$(inherited)",
				);
				GCC_WARN_64_TO_32_BIT_CONVERSION = YES;
				GCC_WARN_ABOUT_RETURN_TYPE = YES_ERROR;
				GCC_WARN_UNDECLARED_SELECTOR = YES;
				GCC_WARN_UNINITIALIZED_AUTOS = YES_AGGRESSIVE;
				GCC_WARN_UNUSED_FUNCTION = YES;
				GCC_WARN_UNUSED_VARIABLE = YES;
				IPHONEOS_DEPLOYMENT_TARGET = 13.4;
				MTL_ENABLE_DEBUG_INFO = INCLUDE_SOURCE;
				MTL_FAST_MATH = YES;
				ONLY_ACTIVE_ARCH = YES;
				SDKROOT = iphoneos;
				SWIFT_ACTIVE_COMPILATION_CONDITIONS = DEBUG;
				SWIFT_OPTIMIZATION_LEVEL = "-Onone";
			};
			name = Debug;
		};
		D337E145242B28B400CE5DE0 /* Release */ = {
			isa = XCBuildConfiguration;
			buildSettings = {
				ALWAYS_SEARCH_USER_PATHS = NO;
				CLANG_ANALYZER_LOCALIZABILITY_NONLOCALIZED = YES;
				CLANG_ANALYZER_NONNULL = YES;
				CLANG_ANALYZER_NUMBER_OBJECT_CONVERSION = YES_AGGRESSIVE;
				CLANG_CXX_LANGUAGE_STANDARD = "gnu++14";
				CLANG_CXX_LIBRARY = "libc++";
				CLANG_ENABLE_MODULES = YES;
				CLANG_ENABLE_OBJC_ARC = YES;
				CLANG_ENABLE_OBJC_WEAK = YES;
				CLANG_WARN_BLOCK_CAPTURE_AUTORELEASING = YES;
				CLANG_WARN_BOOL_CONVERSION = YES;
				CLANG_WARN_COMMA = YES;
				CLANG_WARN_CONSTANT_CONVERSION = YES;
				CLANG_WARN_DEPRECATED_OBJC_IMPLEMENTATIONS = YES;
				CLANG_WARN_DIRECT_OBJC_ISA_USAGE = YES_ERROR;
				CLANG_WARN_DOCUMENTATION_COMMENTS = YES;
				CLANG_WARN_EMPTY_BODY = YES;
				CLANG_WARN_ENUM_CONVERSION = YES;
				CLANG_WARN_INFINITE_RECURSION = YES;
				CLANG_WARN_INT_CONVERSION = YES;
				CLANG_WARN_NON_LITERAL_NULL_CONVERSION = YES;
				CLANG_WARN_OBJC_IMPLICIT_RETAIN_SELF = YES;
				CLANG_WARN_OBJC_LITERAL_CONVERSION = YES;
				CLANG_WARN_OBJC_ROOT_CLASS = YES_ERROR;
				CLANG_WARN_RANGE_LOOP_ANALYSIS = YES;
				CLANG_WARN_STRICT_PROTOTYPES = YES;
				CLANG_WARN_SUSPICIOUS_MOVE = YES;
				CLANG_WARN_UNGUARDED_AVAILABILITY = YES_AGGRESSIVE;
				CLANG_WARN_UNREACHABLE_CODE = YES;
				CLANG_WARN__DUPLICATE_METHOD_MATCH = YES;
				COPY_PHASE_STRIP = NO;
				DEBUG_INFORMATION_FORMAT = "dwarf-with-dsym";
				ENABLE_NS_ASSERTIONS = NO;
				ENABLE_STRICT_OBJC_MSGSEND = YES;
				GCC_C_LANGUAGE_STANDARD = gnu11;
				GCC_NO_COMMON_BLOCKS = YES;
				GCC_WARN_64_TO_32_BIT_CONVERSION = YES;
				GCC_WARN_ABOUT_RETURN_TYPE = YES_ERROR;
				GCC_WARN_UNDECLARED_SELECTOR = YES;
				GCC_WARN_UNINITIALIZED_AUTOS = YES_AGGRESSIVE;
				GCC_WARN_UNUSED_FUNCTION = YES;
				GCC_WARN_UNUSED_VARIABLE = YES;
				IPHONEOS_DEPLOYMENT_TARGET = 13.4;
				MTL_ENABLE_DEBUG_INFO = NO;
				MTL_FAST_MATH = YES;
				SDKROOT = iphoneos;
				SWIFT_COMPILATION_MODE = wholemodule;
				SWIFT_OPTIMIZATION_LEVEL = "-O";
				VALIDATE_PRODUCT = YES;
			};
			name = Release;
		};
		D337E147242B28B400CE5DE0 /* Debug */ = {
			isa = XCBuildConfiguration;
			buildSettings = {
				ASSETCATALOG_COMPILER_APPICON_NAME = AppIcon;
				CODE_SIGN_STYLE = Manual;
				DEFINES_MODULE = NO;
				DEVELOPMENT_TEAM = "";
				FRAMEWORK_SEARCH_PATHS = (
					"$(inherited)",
					"$(SRCROOT)/Carthage/Build/iOS",
				);
				INFOPLIST_FILE = "iOS-Architecture/Resources/Info.plist";
				IPHONEOS_DEPLOYMENT_TARGET = 11.0;
				LD_RUNPATH_SEARCH_PATHS = (
					"$(inherited)",
					"@executable_path/Frameworks",
				);
				PRODUCT_BUNDLE_IDENTIFIER = "com.fleetlabs.iOS-Architecture";
				PRODUCT_NAME = "$(TARGET_NAME)";
				PROVISIONING_PROFILE_SPECIFIER = "";
				SWIFT_VERSION = 5.0;
				TARGETED_DEVICE_FAMILY = "1,2";
			};
			name = Debug;
		};
		D337E148242B28B400CE5DE0 /* Release */ = {
			isa = XCBuildConfiguration;
			buildSettings = {
				ASSETCATALOG_COMPILER_APPICON_NAME = AppIcon;
				CODE_SIGN_STYLE = Manual;
				DEFINES_MODULE = NO;
				DEVELOPMENT_TEAM = "";
				FRAMEWORK_SEARCH_PATHS = (
					"$(inherited)",
					"$(SRCROOT)/Carthage/Build/iOS",
				);
				INFOPLIST_FILE = "iOS-Architecture/Resources/Info.plist";
				IPHONEOS_DEPLOYMENT_TARGET = 11.0;
				LD_RUNPATH_SEARCH_PATHS = (
					"$(inherited)",
					"@executable_path/Frameworks",
				);
				PRODUCT_BUNDLE_IDENTIFIER = "com.fleetlabs.iOS-Architecture";
				PRODUCT_NAME = "$(TARGET_NAME)";
				PROVISIONING_PROFILE_SPECIFIER = "";
				SWIFT_VERSION = 5.0;
				TARGETED_DEVICE_FAMILY = "1,2";
			};
			name = Release;
		};
		D337E14A242B28B400CE5DE0 /* Debug */ = {
			isa = XCBuildConfiguration;
			buildSettings = {
				ALWAYS_EMBED_SWIFT_STANDARD_LIBRARIES = YES;
				BUNDLE_LOADER = "$(TEST_HOST)";
				CODE_SIGN_STYLE = Automatic;
				INFOPLIST_FILE = "iOS-ArchitectureTests/Info.plist";
				IPHONEOS_DEPLOYMENT_TARGET = 13.4;
				LD_RUNPATH_SEARCH_PATHS = (
					"$(inherited)",
					"@executable_path/Frameworks",
					"@loader_path/Frameworks",
				);
				PRODUCT_BUNDLE_IDENTIFIER = "com.fleetlabs.iOS-ArchitectureTests";
				PRODUCT_NAME = "$(TARGET_NAME)";
				SWIFT_VERSION = 5.0;
				TARGETED_DEVICE_FAMILY = "1,2";
				TEST_HOST = "$(BUILT_PRODUCTS_DIR)/iOS-Architecture.app/iOS-Architecture";
			};
			name = Debug;
		};
		D337E14B242B28B400CE5DE0 /* Release */ = {
			isa = XCBuildConfiguration;
			buildSettings = {
				ALWAYS_EMBED_SWIFT_STANDARD_LIBRARIES = YES;
				BUNDLE_LOADER = "$(TEST_HOST)";
				CODE_SIGN_STYLE = Automatic;
				INFOPLIST_FILE = "iOS-ArchitectureTests/Info.plist";
				IPHONEOS_DEPLOYMENT_TARGET = 13.4;
				LD_RUNPATH_SEARCH_PATHS = (
					"$(inherited)",
					"@executable_path/Frameworks",
					"@loader_path/Frameworks",
				);
				PRODUCT_BUNDLE_IDENTIFIER = "com.fleetlabs.iOS-ArchitectureTests";
				PRODUCT_NAME = "$(TARGET_NAME)";
				SWIFT_VERSION = 5.0;
				TARGETED_DEVICE_FAMILY = "1,2";
				TEST_HOST = "$(BUILT_PRODUCTS_DIR)/iOS-Architecture.app/iOS-Architecture";
			};
			name = Release;
		};
		D337E14D242B28B400CE5DE0 /* Debug */ = {
			isa = XCBuildConfiguration;
			buildSettings = {
				ALWAYS_EMBED_SWIFT_STANDARD_LIBRARIES = YES;
				CODE_SIGN_STYLE = Automatic;
				INFOPLIST_FILE = "iOS-ArchitectureUITests/Info.plist";
				LD_RUNPATH_SEARCH_PATHS = (
					"$(inherited)",
					"@executable_path/Frameworks",
					"@loader_path/Frameworks",
				);
				PRODUCT_BUNDLE_IDENTIFIER = "com.fleetlabs.iOS-ArchitectureUITests";
				PRODUCT_NAME = "$(TARGET_NAME)";
				SWIFT_VERSION = 5.0;
				TARGETED_DEVICE_FAMILY = "1,2";
				TEST_TARGET_NAME = "iOS-Architecture";
			};
			name = Debug;
		};
		D337E14E242B28B400CE5DE0 /* Release */ = {
			isa = XCBuildConfiguration;
			buildSettings = {
				ALWAYS_EMBED_SWIFT_STANDARD_LIBRARIES = YES;
				CODE_SIGN_STYLE = Automatic;
				INFOPLIST_FILE = "iOS-ArchitectureUITests/Info.plist";
				LD_RUNPATH_SEARCH_PATHS = (
					"$(inherited)",
					"@executable_path/Frameworks",
					"@loader_path/Frameworks",
				);
				PRODUCT_BUNDLE_IDENTIFIER = "com.fleetlabs.iOS-ArchitectureUITests";
				PRODUCT_NAME = "$(TARGET_NAME)";
				SWIFT_VERSION = 5.0;
				TARGETED_DEVICE_FAMILY = "1,2";
				TEST_TARGET_NAME = "iOS-Architecture";
			};
			name = Release;
		};
/* End XCBuildConfiguration section */

/* Begin XCConfigurationList section */
		D337E114242B28B200CE5DE0 /* Build configuration list for PBXProject "iOS-Architecture" */ = {
			isa = XCConfigurationList;
			buildConfigurations = (
				D337E144242B28B400CE5DE0 /* Debug */,
				D337E145242B28B400CE5DE0 /* Release */,
			);
			defaultConfigurationIsVisible = 0;
			defaultConfigurationName = Release;
		};
		D337E146242B28B400CE5DE0 /* Build configuration list for PBXNativeTarget "iOS-Architecture" */ = {
			isa = XCConfigurationList;
			buildConfigurations = (
				D337E147242B28B400CE5DE0 /* Debug */,
				D337E148242B28B400CE5DE0 /* Release */,
			);
			defaultConfigurationIsVisible = 0;
			defaultConfigurationName = Release;
		};
		D337E149242B28B400CE5DE0 /* Build configuration list for PBXNativeTarget "iOS-ArchitectureTests" */ = {
			isa = XCConfigurationList;
			buildConfigurations = (
				D337E14A242B28B400CE5DE0 /* Debug */,
				D337E14B242B28B400CE5DE0 /* Release */,
			);
			defaultConfigurationIsVisible = 0;
			defaultConfigurationName = Release;
		};
		D337E14C242B28B400CE5DE0 /* Build configuration list for PBXNativeTarget "iOS-ArchitectureUITests" */ = {
			isa = XCConfigurationList;
			buildConfigurations = (
				D337E14D242B28B400CE5DE0 /* Debug */,
				D337E14E242B28B400CE5DE0 /* Release */,
			);
			defaultConfigurationIsVisible = 0;
			defaultConfigurationName = Release;
		};
/* End XCConfigurationList section */

/* Begin XCVersionGroup section */
		D337E125242B28B200CE5DE0 /* iOS_Architecture.xcdatamodeld */ = {
			isa = XCVersionGroup;
			children = (
				D337E126242B28B200CE5DE0 /* iOS_Architecture.xcdatamodel */,
			);
			currentVersion = D337E126242B28B200CE5DE0 /* iOS_Architecture.xcdatamodel */;
			path = iOS_Architecture.xcdatamodeld;
			sourceTree = "<group>";
			versionGroupType = wrapper.xcdatamodel;
		};
/* End XCVersionGroup section */
	};
	rootObject = D337E111242B28B200CE5DE0 /* Project object */;
}
